# THIS IS AN AUTOGENERATED FILE. DO NOT EDIT THIS FILE DIRECTLY.
# yarn lockfile v1


invariant@2.2.4:
  version "2.2.4"
  resolved "https://registry.yarnpkg.com/invariant/-/invariant-2.2.4.tgz#610f3c92c9359ce1db616e538008d23ff35158e6"
  integrity sha512-phJfQVBuaJM5raOpJjSfkiD6BpbCE4Ns//LaXl6wGYtUBY83nWS6Rf9tXm2e8VaK60JEjYldbPif/A2B1C2gNA==
  dependencies:
    loose-envify "^1.0.0"

"js-tokens@^3.0.0 || ^4.0.0":
  version "4.0.0"
  resolved "https://registry.yarnpkg.com/js-tokens/-/js-tokens-4.0.0.tgz#19203fb59991df98e3a287050d4647cdeaf32499"
  integrity sha512-RdJUflcE3cUzKiMqQgsCu06FPu9UdIJO0beYbPhHN4k6apgJtifcoCtT9bcxOpYBtpD2kCM6Sbzg4CausW/PKQ==

loose-envify@^1.0.0:
  version "1.4.0"
  resolved "https://registry.yarnpkg.com/loose-envify/-/loose-envify-1.4.0.tgz#71ee51fa7be4caec1a63839f7e682d8132d30caf"
  integrity sha512-lyuxPGr/Wfhrlem2CL/UcnUc1zcqKAImBDzukY7Y5F/yQiNdko6+fRLevlw1HgMySw7f611UIY408EtxRSoK3Q==
  dependencies:
    js-tokens "^3.0.0 || ^4.0.0"

prettier@^3.5.3:
  version "3.6.2"
  resolved "https://registry.yarnpkg.com/prettier/-/prettier-3.6.2.tgz#ccda02a1003ebbb2bfda6f83a074978f608b9393"
  integrity sha512-I7AIg5boAr5R0FFtJ6rCfD+LFsWHp81dolrFD8S79U9tb8Az2nGrJncnMSnys+bpQJfRUzqs9hnA81OAA3hCuQ==

react-native-app-auth@^8.0.3:
  version "8.1.0"
  resolved "https://registry.yarnpkg.com/react-native-app-auth/-/react-native-app-auth-8.1.0.tgz#25204fc457a9582f4b6826f29bd768688b887c14"
  integrity sha512-PNX+iNMO6Ix3YBc5oKOEugCyPzAZ3MjKPk0dhWAzDnS1cPld7RPcxOzIjEd7+FYF1VGlGxhgOpFz+pOyRDJGdQ==
  dependencies:
    invariant "2.2.4"
    react-native-base64 "0.0.2"

react-native-base64@0.0.2:
  version "0.0.2"
  resolved "https://registry.yarnpkg.com/react-native-base64/-/react-native-base64-0.0.2.tgz#c28463c2c6779ac3ec5fdd12979ebc8c5f9b410a"
  integrity sha512-Fu/J1a2y0X22EJDWqJR2oEa1fpP4gTFjYxk8ElJdt1Yak3HOXmFJ7EohLVHU2DaQkgmKfw8qb7u/48gpzveRbg==

react-native-keychain@^10.0.0:
  version "10.0.0"
  resolved "https://registry.yarnpkg.com/react-native-keychain/-/react-native-keychain-10.0.0.tgz#1de6f54d27b2376deaac4d51883c066f53b7be7b"
  integrity sha512-YzPKSAnSzGEJ12IK6CctNLU79T1W15WDrElRQ+1/FsOazGX9ucFPTQwgYe8Dy8jiSEDJKM4wkVa3g4lD2Z+Pnw==
